// !$*UTF8*$!
{
	archiveVersion = 1;
	classes = {
	};
	objectVersion = 70;
	objects = {

/* Begin PBXBuildFile section */
		3E3248B129D002CB009CDE34 /* libglfw3.a in Frameworks */ = {isa = PBXBuildFile; fileRef = 3E3248B029D002CB009CDE34 /* libglfw3.a */; };
		3E3248B329D002D0009CDE34 /* IOKit.framework in Frameworks */ = {isa = PBXBuildFile; fileRef = 3E3248B229D002D0009CDE34 /* IOKit.framework */; };
		3E3248B529D002D5009CDE34 /* Cocoa.framework in Frameworks */ = {isa = PBXBuildFile; fileRef = 3E3248B429D002D5009CDE34 /* Cocoa.framework */; };
		3E56AB67297E0E6E00DB5F4F /* main.mm in Sources */ = {isa = PBXBuildFile; fileRef = 3E56AB66297E0E6E00DB5F4F /* main.mm */; };
		3E581F1629871D3000E5CDF6 /* QuartzCore.framework in Frameworks */ = {isa = PBXBuildFile; fileRef = 3E581F1529871D3000E5CDF6 /* QuartzCore.framework */; };
		3E581F1829871D3400E5CDF6 /* Metal.framework in Frameworks */ = {isa = PBXBuildFile; fileRef = 3E581F1729871D3400E5CDF6 /* Metal.framework */; };
		3E581F1A29871D4300E5CDF6 /* Foundation.framework in Frameworks */ = {isa = PBXBuildFile; fileRef = 3E581F1929871D4300E5CDF6 /* Foundation.framework */; };
		8FDA0D7C2F3B838900C82FA9 /* AVFoundation.framework in Frameworks */ = {isa = PBXBuildFile; fileRef = 8FDA0D722F3B838900C82FA9 /* AVFoundation.framework */; };
		8FDA0D932F3B86F100C82FA9 /* AVFoundation.framework in Frameworks */ = {isa = PBXBuildFile; fileRef = 8FDA0D722F3B838900C82FA9 /* AVFoundation.framework */; };
		8FDA0D942F3B86F800C82FA9 /* Cocoa.framework in Frameworks */ = {isa = PBXBuildFile; fileRef = 3E3248B429D002D5009CDE34 /* Cocoa.framework */; };
		8FDA0D952F3B870400C82FA9 /* IOKit.framework in Frameworks */ = {isa = PBXBuildFile; fileRef = 3E3248B229D002D0009CDE34 /* IOKit.framework */; };
		8FDA0D962F3B872300C82FA9 /* libglfw3.a in Frameworks */ = {isa = PBXBuildFile; fileRef = 3E3248B029D002CB009CDE34 /* libglfw3.a */; };
		8FDA0D972F3B873400C82FA9 /* Foundation.framework in Frameworks */ = {isa = PBXBuildFile; fileRef = 3E581F1929871D4300E5CDF6 /* Foundation.framework */; };
		8FDA0D982F3B873A00C82FA9 /* Metal.framework in Frameworks */ = {isa = PBXBuildFile; fileRef = 3E581F1729871D3400E5CDF6 /* Metal.framework */; };
		8FDA0D992F3B874100C82FA9 /* QuartzCore.framework in Frameworks */ = {isa = PBXBuildFile; fileRef = 3E581F1529871D3000E5CDF6 /* QuartzCore.framework */; };
		8FDA0D9C2F3B94CB00C82FA9 /* stbi_image.cpp in Sources */ = {isa = PBXBuildFile; fileRef = 8FDA0D9B2F3B94CB00C82FA9 /* stbi_image.cpp */; };
		8FDA0D9F2F3B94D200C82FA9 /* imgui_impl_glfw.cpp in Sources */ = {isa = PBXBuildFile; fileRef = 8FDA0D9D2F3B94D200C82FA9 /* imgui_impl_glfw.cpp */; };
		8FDA0DA02F3B94D200C82FA9 /* imgui_impl_metal.mm in Sources */ = {isa = PBXBuildFile; fileRef = 8FDA0D9E2F3B94D200C82FA9 /* imgui_impl_metal.mm */; };
		8FDA0DA52F3B94DC00C82FA9 /* imgui_tables.cpp in Sources */ = {isa = PBXBuildFile; fileRef = 8FDA0DA12F3B94DC00C82FA9 /* imgui_tables.cpp */; };
		8FDA0DA62F3B94DC00C82FA9 /* imgui_widgets.cpp in Sources */ = {isa = PBXBuildFile; fileRef = 8FDA0DA22F3B94DC00C82FA9 /* imgui_widgets.cpp */; };
		8FDA0DA72F3B94DC00C82FA9 /* imgui.cpp in Sources */ = {isa = PBXBuildFile; fileRef = 8FDA0DA32F3B94DC00C82FA9 /* imgui.cpp */; };
		8FDA0DA82F3B94DC00C82FA9 /* imgui_draw.cpp in Sources */ = {isa = PBXBuildFile; fileRef = 8FDA0DA42F3B94DC00C82FA9 /* imgui_draw.cpp */; };
		8FDA0DEA2F3CB15100C82FA9 /* Assets.xcassets in Resources */ = {isa = PBXBuildFile; fileRef = 8FDA0DE32F3CB15100C82FA9 /* Assets.xcassets */; };
		8FDA0DEB2F3CB15100C82FA9 /* Main.storyboard in Resources */ = {isa = PBXBuildFile; fileRef = 8FDA0DE62F3CB15100C82FA9 /* Main.storyboard */; };
		8FDA0DF82F3CB15100C82FA9 /* AppDelegate.mm in Sources */ = {isa = PBXBuildFile; fileRef = 8FDA0DE22F3CB15100C82FA9 /* AppDelegate.mm */; };
		8FDA0DF92F3CB15100C82FA9 /* main.m in Sources */ = {isa = PBXBuildFile; fileRef = 8FDA0DE42F3CB15100C82FA9 /* main.m */; };
		8FDA0DFA2F3CB15100C82FA9 /* ViewController.m in Sources */ = {isa = PBXBuildFile; fileRef = 8FDA0DE82F3CB15100C82FA9 /* ViewController.m */; };
		8FDA0E3A2F3CB24800C82FA9 /* AudioInputLayer.mm in Sources */ = {isa = PBXBuildFile; fileRef = 8FDA0E2B2F3CB24800C82FA9 /* AudioInputLayer.mm */; };
		8FDA0E3B2F3CB24800C82FA9 /* mtl_implementation.cpp in Sources */ = {isa = PBXBuildFile; fileRef = 8FDA0E332F3CB24800C82FA9 /* mtl_implementation.cpp */; };
		8FDA0E3C2F3CB24800C82FA9 /* cube.metal in Sources */ = {isa = PBXBuildFile; fileRef = 8FDA0E2F2F3CB24800C82FA9 /* cube.metal */; };
		8FDA0E3D2F3CB24800C82FA9 /* BlinnPhong.metal in Sources */ = {isa = PBXBuildFile; fileRef = 8FDA0E2C2F3CB24800C82FA9 /* BlinnPhong.metal */; };
		8FDA0E3F2F3CB24800C82FA9 /* AAPLMathUtilities.cpp in Sources */ = {isa = PBXBuildFile; fileRef = 8FDA0E282F3CB24800C82FA9 /* AAPLMathUtilities.cpp */; };
		8FDA0E402F3CB24800C82FA9 /* Texture.cpp in Sources */ = {isa = PBXBuildFile; fileRef = 8FDA0E362F3CB24800C82FA9 /* Texture.cpp */; };
		8FDA0E412F3CB24800C82FA9 /* mtl_engine.mm in Sources */ = {isa = PBXBuildFile; fileRef = 8FDA0E322F3CB24800C82FA9 /* mtl_engine.mm */; };
		8FDA0E422F3CB24800C82FA9 /* light.metal in Sources */ = {isa = PBXBuildFile; fileRef = 8FDA0E302F3CB24800C82FA9 /* light.metal */; };
		8FDA0E432F3CB24800C82FA9 /* triangle.metal in Sources */ = {isa = PBXBuildFile; fileRef = 8FDA0E372F3CB24800C82FA9 /* triangle.metal */; };
		8FDA0E442F3CB24800C82FA9 /* shadowPass.metal in Sources */ = {isa = PBXBuildFile; fileRef = 8FDA0E342F3CB24800C82FA9 /* shadowPass.metal */; };
		8FDA0E452F3CB24800C82FA9 /* Camera.cpp in Sources */ = {isa = PBXBuildFile; fileRef = 8FDA0E2E2F3CB24800C82FA9 /* Camera.cpp */; };
		8FDA0E492F3DF72600C82FA9 /* AudioAnalyzer.mm in Sources */ = {isa = PBXBuildFile; fileRef = 8FDA0E482F3DF72600C82FA9 /* AudioAnalyzer.mm */; };
		8FDA0E4B2F3F8C4200C82FA9 /* Accelerate.framework in Frameworks */ = {isa = PBXBuildFile; fileRef = 8FDA0E4A2F3F8C4200C82FA9 /* Accelerate.framework */; };
		8FDA0E502F4776F900C82FA9 /* MusicalInterpreter.mm in Sources */ = {isa = PBXBuildFile; fileRef = 8FDA0E4F2F4776E900C82FA9 /* MusicalInterpreter.mm */; };
/* End PBXBuildFile section */

/* Begin PBXContainerItemProxy section */
		8F09BEFC2F2BC334005F988C /* PBXContainerItemProxy */ = {
			isa = PBXContainerItemProxy;
			containerPortal = 8F09BE132F2BBCA1005F988C /* example_apple_metal.xcodeproj */;
			proxyType = 2;
			remoteGlobalIDString = 8307E7C420E9F9C900473790;
			remoteInfo = example_apple_metal_ios;
		};
		8F09BEFE2F2BC334005F988C /* PBXContainerItemProxy */ = {
			isa = PBXContainerItemProxy;
			containerPortal = 8F09BE132F2BBCA1005F988C /* example_apple_metal.xcodeproj */;
			proxyType = 2;
			remoteGlobalIDString = 8307E7DA20E9F9C900473790;
			remoteInfo = example_apple_metal_macos;
		};
		8F09BF012F2BC334005F988C /* PBXContainerItemProxy */ = {
			isa = PBXContainerItemProxy;
			containerPortal = 8F09BE182F2BBCA1005F988C /* example_apple_opengl2.xcodeproj */;
			proxyType = 2;
			remoteGlobalIDString = 4080A96B20B029B00036BA46;
			remoteInfo = example_osx_opengl2;
		};
		8FD43C262E0B373A00253CDA /* PBXContainerItemProxy */ = {
			isa = PBXContainerItemProxy;
			containerPortal = 8FD43B4F2E0B373A00253CDA /* example_apple_metal.xcodeproj */;
			proxyType = 2;
			remoteGlobalIDString = 8307E7C420E9F9C900473790;
			remoteInfo = example_apple_metal_ios;
		};
		8FD43C282E0B373A00253CDA /* PBXContainerItemProxy */ = {
			isa = PBXContainerItemProxy;
			containerPortal = 8FD43B4F2E0B373A00253CDA /* example_apple_metal.xcodeproj */;
			proxyType = 2;
			remoteGlobalIDString = 8307E7DA20E9F9C900473790;
			remoteInfo = example_apple_metal_macos;
		};
		8FD43C2B2E0B373A00253CDA /* PBXContainerItemProxy */ = {
			isa = PBXContainerItemProxy;
			containerPortal = 8FD43B542E0B373A00253CDA /* example_apple_opengl2.xcodeproj */;
			proxyType = 2;
			remoteGlobalIDString = 4080A96B20B029B00036BA46;
			remoteInfo = example_osx_opengl2;
		};
		8FDA0D752F3B838900C82FA9 /* PBXContainerItemProxy */ = {
			isa = PBXContainerItemProxy;
			containerPortal = 8FDA0C942F3B816F00C82FA9 /* example_apple_metal.xcodeproj */;
			proxyType = 2;
			remoteGlobalIDString = 8307E7C420E9F9C900473790;
			remoteInfo = example_apple_metal_ios;
		};
		8FDA0D772F3B838900C82FA9 /* PBXContainerItemProxy */ = {
			isa = PBXContainerItemProxy;
			containerPortal = 8FDA0C942F3B816F00C82FA9 /* example_apple_metal.xcodeproj */;
			proxyType = 2;
			remoteGlobalIDString = 8307E7DA20E9F9C900473790;
			remoteInfo = example_apple_metal_macos;
		};
		8FDA0D7A2F3B838900C82FA9 /* PBXContainerItemProxy */ = {
			isa = PBXContainerItemProxy;
			containerPortal = 8FDA0C992F3B816F00C82FA9 /* example_apple_opengl2.xcodeproj */;
			proxyType = 2;
			remoteGlobalIDString = 4080A96B20B029B00036BA46;
			remoteInfo = example_osx_opengl2;
		};
/* End PBXContainerItemProxy section */

/* Begin PBXCopyFilesBuildPhase section */
		3E56AB61297E0E6E00DB5F4F /* CopyFiles */ = {
			isa = PBXCopyFilesBuildPhase;
			buildActionMask = 2147483647;
			dstPath = /usr/share/man/man1;
			dstSubfolderSpec = 0;
			files = (
			);
			runOnlyForDeploymentPostprocessing = 1;
		};
/* End PBXCopyFilesBuildPhase section */

/* Begin PBXFileReference section */
		3E3248AE29D002B4009CDE34 /* include */ = {isa = PBXFileReference; lastKnownFileType = folder; path = include; sourceTree = "<group>"; };
		3E3248AF29D002B4009CDE34 /* lib-universal */ = {isa = PBXFileReference; lastKnownFileType = folder; path = "lib-universal"; sourceTree = "<group>"; };
		3E3248B029D002CB009CDE34 /* libglfw3.a */ = {isa = PBXFileReference; lastKnownFileType = archive.ar; name = libglfw3.a; path = "external/GLFW/lib-universal/libglfw3.a"; sourceTree = "<group>"; };
		3E3248B229D002D0009CDE34 /* IOKit.framework */ = {isa = PBXFileReference; lastKnownFileType = wrapper.framework; name = IOKit.framework; path = System/Library/Frameworks/IOKit.framework; sourceTree = SDKROOT; };
		3E3248B429D002D5009CDE34 /* Cocoa.framework */ = {isa = PBXFileReference; lastKnownFileType = wrapper.framework; name = Cocoa.framework; path = System/Library/Frameworks/Cocoa.framework; sourceTree = SDKROOT; };
		3E47CD272987185800938A41 /* metal-cpp */ = {isa = PBXFileReference; lastKnownFileType = folder; path = "metal-cpp"; sourceTree = "<group>"; };
		3E56AB63297E0E6E00DB5F4F /* Metal-Tutorial */ = {isa = PBXFileReference; explicitFileType = "compiled.mach-o.executable"; includeInIndex = 0; path = "Metal-Tutorial"; sourceTree = BUILT_PRODUCTS_DIR; };
		3E56AB66297E0E6E00DB5F4F /* main.mm */ = {isa = PBXFileReference; lastKnownFileType = sourcecode.cpp.objcpp; path = main.mm; sourceTree = "<group>"; };
		3E581F1529871D3000E5CDF6 /* QuartzCore.framework */ = {isa = PBXFileReference; lastKnownFileType = wrapper.framework; name = QuartzCore.framework; path = System/Library/Frameworks/QuartzCore.framework; sourceTree = SDKROOT; };
		3E581F1729871D3400E5CDF6 /* Metal.framework */ = {isa = PBXFileReference; lastKnownFileType = wrapper.framework; name = Metal.framework; path = System/Library/Frameworks/Metal.framework; sourceTree = SDKROOT; };
		3E581F1929871D4300E5CDF6 /* Foundation.framework */ = {isa = PBXFileReference; lastKnownFileType = wrapper.framework; name = Foundation.framework; path = System/Library/Frameworks/Foundation.framework; sourceTree = SDKROOT; };
		8F09BE132F2BBCA1005F988C /* example_apple_metal.xcodeproj */ = {isa = PBXFileReference; lastKnownFileType = "wrapper.pb-project"; path = example_apple_metal.xcodeproj; sourceTree = "<group>"; };
		8F09BE182F2BBCA1005F988C /* example_apple_opengl2.xcodeproj */ = {isa = PBXFileReference; lastKnownFileType = "wrapper.pb-project"; path = example_apple_opengl2.xcodeproj; sourceTree = "<group>"; };
		8F09BF202F3B7B1A005F988C /* Info.plist */ = {isa = PBXFileReference; lastKnownFileType = text.plist.xml; path = Info.plist; sourceTree = "<group>"; };
		8FD43B4F2E0B373A00253CDA /* example_apple_metal.xcodeproj */ = {isa = PBXFileReference; lastKnownFileType = "wrapper.pb-project"; path = example_apple_metal.xcodeproj; sourceTree = "<group>"; };
		8FD43B542E0B373A00253CDA /* example_apple_opengl2.xcodeproj */ = {isa = PBXFileReference; lastKnownFileType = "wrapper.pb-project"; path = example_apple_opengl2.xcodeproj; sourceTree = "<group>"; };
		8FD43C392E12A55600253CDA /* libassimp.6.0.2.dylib */ = {isa = PBXFileReference; lastKnownFileType = "compiled.mach-o.dylib"; name = libassimp.6.0.2.dylib; path = ../../../../../opt/homebrew/Cellar/assimp/6.0.2/lib/libassimp.6.0.2.dylib; sourceTree = "<group>"; };
		8FDA0C942F3B816F00C82FA9 /* example_apple_metal.xcodeproj */ = {isa = PBXFileReference; lastKnownFileType = "wrapper.pb-project"; path = example_apple_metal.xcodeproj; sourceTree = "<group>"; };
		8FDA0C992F3B816F00C82FA9 /* example_apple_opengl2.xcodeproj */ = {isa = PBXFileReference; lastKnownFileType = "wrapper.pb-project"; path = example_apple_opengl2.xcodeproj; sourceTree = "<group>"; };
		8FDA0D722F3B838900C82FA9 /* AVFoundation.framework */ = {isa = PBXFileReference; lastKnownFileType = wrapper.framework; name = AVFoundation.framework; path = System/Library/Frameworks/AVFoundation.framework; sourceTree = SDKROOT; };
		8FDA0D812F3B85BF00C82FA9 /* AudioApp.app */ = {isa = PBXFileReference; explicitFileType = wrapper.application; includeInIndex = 0; path = AudioApp.app; sourceTree = BUILT_PRODUCTS_DIR; };
		8FDA0D9B2F3B94CB00C82FA9 /* stbi_image.cpp */ = {isa = PBXFileReference; lastKnownFileType = sourcecode.cpp.cpp; name = stbi_image.cpp; path = external/stb/stbi_image.cpp; sourceTree = "<group>"; };
		8FDA0D9D2F3B94D200C82FA9 /* imgui_impl_glfw.cpp */ = {isa = PBXFileReference; lastKnownFileType = sourcecode.cpp.cpp; name = imgui_impl_glfw.cpp; path = external/imgui/backends/imgui_impl_glfw.cpp; sourceTree = "<group>"; };
		8FDA0D9E2F3B94D200C82FA9 /* imgui_impl_metal.mm */ = {isa = PBXFileReference; lastKnownFileType = sourcecode.cpp.objcpp; name = imgui_impl_metal.mm; path = external/imgui/backends/imgui_impl_metal.mm; sourceTree = "<group>"; };
		8FDA0DA12F3B94DC00C82FA9 /* imgui_tables.cpp */ = {isa = PBXFileReference; lastKnownFileType = sourcecode.cpp.cpp; name = imgui_tables.cpp; path = external/imgui/imgui_tables.cpp; sourceTree = "<group>"; };
		8FDA0DA22F3B94DC00C82FA9 /* imgui_widgets.cpp */ = {isa = PBXFileReference; lastKnownFileType = sourcecode.cpp.cpp; name = imgui_widgets.cpp; path = external/imgui/imgui_widgets.cpp; sourceTree = "<group>"; };
		8FDA0DA32F3B94DC00C82FA9 /* imgui.cpp */ = {isa = PBXFileReference; lastKnownFileType = sourcecode.cpp.cpp; name = imgui.cpp; path = external/imgui/imgui.cpp; sourceTree = "<group>"; };
		8FDA0DA42F3B94DC00C82FA9 /* imgui_draw.cpp */ = {isa = PBXFileReference; lastKnownFileType = sourcecode.cpp.cpp; name = imgui_draw.cpp; path = external/imgui/imgui_draw.cpp; sourceTree = "<group>"; };
		8FDA0DE12F3CB15100C82FA9 /* AppDelegate.h */ = {isa = PBXFileReference; lastKnownFileType = sourcecode.c.h; path = AppDelegate.h; sourceTree = "<group>"; };
		8FDA0DE22F3CB15100C82FA9 /* AppDelegate.mm */ = {isa = PBXFileReference; lastKnownFileType = sourcecode.cpp.objcpp; path = AppDelegate.mm; sourceTree = "<group>"; };
		8FDA0DE32F3CB15100C82FA9 /* Assets.xcassets */ = {isa = PBXFileReference; lastKnownFileType = folder.assetcatalog; path = Assets.xcassets; sourceTree = "<group>"; };
		8FDA0DE42F3CB15100C82FA9 /* main.m */ = {isa = PBXFileReference; lastKnownFileType = sourcecode.c.objc; path = main.m; sourceTree = "<group>"; };
		8FDA0DE52F3CB15100C82FA9 /* Base */ = {isa = PBXFileReference; lastKnownFileType = file.storyboard; name = Base; path = Base.lproj/Main.storyboard; sourceTree = "<group>"; };
		8FDA0DE72F3CB15100C82FA9 /* ViewController.h */ = {isa = PBXFileReference; lastKnownFileType = sourcecode.c.h; path = ViewController.h; sourceTree = "<group>"; };
		8FDA0DE82F3CB15100C82FA9 /* ViewController.m */ = {isa = PBXFileReference; lastKnownFileType = sourcecode.c.objc; path = ViewController.m; sourceTree = "<group>"; };
		8FDA0E272F3CB24800C82FA9 /* AAPLMathUtilities.h */ = {isa = PBXFileReference; lastKnownFileType = sourcecode.c.h; path = AAPLMathUtilities.h; sourceTree = "<group>"; };
		8FDA0E282F3CB24800C82FA9 /* AAPLMathUtilities.cpp */ = {isa = PBXFileReference; lastKnownFileType = sourcecode.cpp.cpp; path = AAPLMathUtilities.cpp; sourceTree = "<group>"; };
		8FDA0E2A2F3CB24800C82FA9 /* AudioInputLayer.hpp */ = {isa = PBXFileReference; lastKnownFileType = sourcecode.cpp.h; path = AudioInputLayer.hpp; sourceTree = "<group>"; };
		8FDA0E2B2F3CB24800C82FA9 /* AudioInputLayer.mm */ = {isa = PBXFileReference; lastKnownFileType = sourcecode.cpp.objcpp; path = AudioInputLayer.mm; sourceTree = "<group>"; };
		8FDA0E2C2F3CB24800C82FA9 /* BlinnPhong.metal */ = {isa = PBXFileReference; lastKnownFileType = sourcecode.metal; path = BlinnPhong.metal; sourceTree = "<group>"; };
		8FDA0E2D2F3CB24800C82FA9 /* Camera.hpp */ = {isa = PBXFileReference; lastKnownFileType = sourcecode.cpp.h; path = Camera.hpp; sourceTree = "<group>"; };
		8FDA0E2E2F3CB24800C82FA9 /* Camera.cpp */ = {isa = PBXFileReference; lastKnownFileType = sourcecode.cpp.cpp; path = Camera.cpp; sourceTree = "<group>"; };
		8FDA0E2F2F3CB24800C82FA9 /* cube.metal */ = {isa = PBXFileReference; lastKnownFileType = sourcecode.metal; path = cube.metal; sourceTree = "<group>"; };
		8FDA0E302F3CB24800C82FA9 /* light.metal */ = {isa = PBXFileReference; lastKnownFileType = sourcecode.metal; path = light.metal; sourceTree = "<group>"; };
		8FDA0E312F3CB24800C82FA9 /* mtl_engine.hpp */ = {isa = PBXFileReference; lastKnownFileType = sourcecode.cpp.h; path = mtl_engine.hpp; sourceTree = "<group>"; };
		8FDA0E322F3CB24800C82FA9 /* mtl_engine.mm */ = {isa = PBXFileReference; lastKnownFileType = sourcecode.cpp.objcpp; path = mtl_engine.mm; sourceTree = "<group>"; };
		8FDA0E332F3CB24800C82FA9 /* mtl_implementation.cpp */ = {isa = PBXFileReference; lastKnownFileType = sourcecode.cpp.cpp; path = mtl_implementation.cpp; sourceTree = "<group>"; };
		8FDA0E342F3CB24800C82FA9 /* shadowPass.metal */ = {isa = PBXFileReference; lastKnownFileType = sourcecode.metal; path = shadowPass.metal; sourceTree = "<group>"; };
		8FDA0E352F3CB24800C82FA9 /* Texture.hpp */ = {isa = PBXFileReference; lastKnownFileType = sourcecode.cpp.h; path = Texture.hpp; sourceTree = "<group>"; };
		8FDA0E362F3CB24800C82FA9 /* Texture.cpp */ = {isa = PBXFileReference; lastKnownFileType = sourcecode.cpp.cpp; path = Texture.cpp; sourceTree = "<group>"; };
		8FDA0E372F3CB24800C82FA9 /* triangle.metal */ = {isa = PBXFileReference; lastKnownFileType = sourcecode.metal; path = triangle.metal; sourceTree = "<group>"; };
		8FDA0E382F3CB24800C82FA9 /* VertexData.hpp */ = {isa = PBXFileReference; lastKnownFileType = sourcecode.cpp.h; path = VertexData.hpp; sourceTree = "<group>"; };
		8FDA0E472F3DF70C00C82FA9 /* AudioAnalyzer.hpp */ = {isa = PBXFileReference; lastKnownFileType = sourcecode.cpp.h; path = AudioAnalyzer.hpp; sourceTree = "<group>"; };
		8FDA0E482F3DF72600C82FA9 /* AudioAnalyzer.mm */ = {isa = PBXFileReference; lastKnownFileType = sourcecode.cpp.objcpp; path = AudioAnalyzer.mm; sourceTree = "<group>"; };
		8FDA0E4A2F3F8C4200C82FA9 /* Accelerate.framework */ = {isa = PBXFileReference; lastKnownFileType = wrapper.framework; name = Accelerate.framework; path = System/Library/Frameworks/Accelerate.framework; sourceTree = SDKROOT; };
		8FDA0E4D2F4776CC00C82FA9 /* MusicalContext.hpp */ = {isa = PBXFileReference; lastKnownFileType = sourcecode.cpp.h; path = MusicalContext.hpp; sourceTree = "<group>"; };
		8FDA0E4E2F4776DB00C82FA9 /* MusicalInterpreter.hpp */ = {isa = PBXFileReference; lastKnownFileType = sourcecode.cpp.h; path = MusicalInterpreter.hpp; sourceTree = "<group>"; };
		8FDA0E4F2F4776E900C82FA9 /* MusicalInterpreter.mm */ = {isa = PBXFileReference; lastKnownFileType = sourcecode.cpp.objcpp; path = MusicalInterpreter.mm; sourceTree = "<group>"; };
/* End PBXFileReference section */

/* Begin PBXFileSystemSynchronizedBuildFileExceptionSet section */
		8FD43AD92DE900DF00253CDA /* PBXFileSystemSynchronizedBuildFileExceptionSet */ = {
			isa = PBXFileSystemSynchronizedBuildFileExceptionSet;
			membershipExceptions = (
				stbi_image.cpp,
			);
			target = 3E56AB62297E0E6E00DB5F4F /* Metal-Tutorial */;
		};
		8FD43C332E0C0E9E00253CDA /* PBXFileSystemSynchronizedBuildFileExceptionSet */ = {
			isa = PBXFileSystemSynchronizedBuildFileExceptionSet;
			membershipExceptions = (
				backends/imgui_impl_glfw.cpp,
				backends/imgui_impl_metal.mm,
				imgui_draw.cpp,
				imgui_tables.cpp,
				imgui_widgets.cpp,
				imgui.cpp,
			);
			target = 3E56AB62297E0E6E00DB5F4F /* Metal-Tutorial */;
		};
/* End PBXFileSystemSynchronizedBuildFileExceptionSet section */

/* Begin PBXFileSystemSynchronizedRootGroup section */
		8F09BF032F3B5168005F988C /* miniaudio */ = {isa = PBXFileSystemSynchronizedRootGroup; explicitFileTypes = {}; explicitFolders = (); path = miniaudio; sourceTree = "<group>"; };
		8FD43AD02DE8FF6000253CDA /* stb */ = {isa = PBXFileSystemSynchronizedRootGroup; exceptions = (8FD43AD92DE900DF00253CDA /* PBXFileSystemSynchronizedBuildFileExceptionSet */, ); explicitFileTypes = {}; explicitFolders = (); path = stb; sourceTree = "<group>"; };
		8FD43AD22DE8FF7100253CDA /* assets */ = {isa = PBXFileSystemSynchronizedRootGroup; explicitFileTypes = {}; explicitFolders = (); path = assets; sourceTree = "<group>"; };
		8FD43C1E2E0B373A00253CDA /* imgui */ = {isa = PBXFileSystemSynchronizedRootGroup; exceptions = (8FD43C332E0C0E9E00253CDA /* PBXFileSystemSynchronizedBuildFileExceptionSet */, ); explicitFileTypes = {}; explicitFolders = (); path = imgui; sourceTree = "<group>"; };
/* End PBXFileSystemSynchronizedRootGroup section */

/* Begin PBXFrameworksBuildPhase section */
		3E56AB60297E0E6E00DB5F4F /* Frameworks */ = {
			isa = PBXFrameworksBuildPhase;
			buildActionMask = 2147483647;
			files = (
				8FDA0D7C2F3B838900C82FA9 /* AVFoundation.framework in Frameworks */,
				3E3248B529D002D5009CDE34 /* Cocoa.framework in Frameworks */,
				3E3248B329D002D0009CDE34 /* IOKit.framework in Frameworks */,
				3E3248B129D002CB009CDE34 /* libglfw3.a in Frameworks */,
				3E581F1A29871D4300E5CDF6 /* Foundation.framework in Frameworks */,
				3E581F1829871D3400E5CDF6 /* Metal.framework in Frameworks */,
				3E581F1629871D3000E5CDF6 /* QuartzCore.framework in Frameworks */,
			);
			runOnlyForDeploymentPostprocessing = 0;
		};
		8FDA0D7E2F3B85BF00C82FA9 /* Frameworks */ = {
			isa = PBXFrameworksBuildPhase;
			buildActionMask = 2147483647;
			files = (
				8FDA0E4B2F3F8C4200C82FA9 /* Accelerate.framework in Frameworks */,
				8FDA0D992F3B874100C82FA9 /* QuartzCore.framework in Frameworks */,
				8FDA0D982F3B873A00C82FA9 /* Metal.framework in Frameworks */,
				8FDA0D972F3B873400C82FA9 /* Foundation.framework in Frameworks */,
				8FDA0D962F3B872300C82FA9 /* libglfw3.a in Frameworks */,
				8FDA0D952F3B870400C82FA9 /* IOKit.framework in Frameworks */,
				8FDA0D942F3B86F800C82FA9 /* Cocoa.framework in Frameworks */,
				8FDA0D932F3B86F100C82FA9 /* AVFoundation.framework in Frameworks */,
			);
			runOnlyForDeploymentPostprocessing = 0;
		};
/* End PBXFrameworksBuildPhase section */

/* Begin PBXGroup section */
		3E3248AC29D0028C009CDE34 /* external */ = {
			isa = PBXGroup;
			children = (
				8F09BF032F3B5168005F988C /* miniaudio */,
				8FD43C1E2E0B373A00253CDA /* imgui */,
				3E3248AD29D002A6009CDE34 /* GLFW */,
				8FD43AD02DE8FF6000253CDA /* stb */,
			);
			path = external;
			sourceTree = "<group>";
		};
		3E3248AD29D002A6009CDE34 /* GLFW */ = {
			isa = PBXGroup;
			children = (
				3E3248AE29D002B4009CDE34 /* include */,
				3E3248AF29D002B4009CDE34 /* lib-universal */,
			);
			path = GLFW;
			sourceTree = "<group>";
		};
		3E56AB5A297E0E6E00DB5F4F = {
			isa = PBXGroup;
			children = (
				8FDA0DA32F3B94DC00C82FA9 /* imgui.cpp */,
				8FDA0DA42F3B94DC00C82FA9 /* imgui_draw.cpp */,
				8FDA0DA12F3B94DC00C82FA9 /* imgui_tables.cpp */,
				8FDA0DA22F3B94DC00C82FA9 /* imgui_widgets.cpp */,
				8FDA0D9D2F3B94D200C82FA9 /* imgui_impl_glfw.cpp */,
				8FDA0D9E2F3B94D200C82FA9 /* imgui_impl_metal.mm */,
				8FDA0D9B2F3B94CB00C82FA9 /* stbi_image.cpp */,
				3E3248AC29D0028C009CDE34 /* external */,
				3E47CD272987185800938A41 /* metal-cpp */,
				3E56AB65297E0E6E00DB5F4F /* Metal-Tutorial */,
				3E56AB64297E0E6E00DB5F4F /* Products */,
				3E581F1429871D3000E5CDF6 /* Frameworks */,
				8FDA0DE92F3CB15100C82FA9 /* AudioApp */,
			);
			sourceTree = "<group>";
		};
		3E56AB64297E0E6E00DB5F4F /* Products */ = {
			isa = PBXGroup;
			children = (
				3E56AB63297E0E6E00DB5F4F /* Metal-Tutorial */,
				8FDA0D812F3B85BF00C82FA9 /* AudioApp.app */,
			);
			name = Products;
			sourceTree = "<group>";
		};
		3E56AB65297E0E6E00DB5F4F /* Metal-Tutorial */ = {
			isa = PBXGroup;
			children = (
				8FD43AD22DE8FF7100253CDA /* assets */,
				8F09BF202F3B7B1A005F988C /* Info.plist */,
			);
			path = "Metal-Tutorial";
			sourceTree = "<group>";
		};
		3E581F1429871D3000E5CDF6 /* Frameworks */ = {
			isa = PBXGroup;
			children = (
				8FDA0E4A2F3F8C4200C82FA9 /* Accelerate.framework */,
				8FDA0D722F3B838900C82FA9 /* AVFoundation.framework */,
				8FD43C392E12A55600253CDA /* libassimp.6.0.2.dylib */,
				3E3248B429D002D5009CDE34 /* Cocoa.framework */,
				3E3248B229D002D0009CDE34 /* IOKit.framework */,
				3E3248B029D002CB009CDE34 /* libglfw3.a */,
				3E581F1929871D4300E5CDF6 /* Foundation.framework */,
				3E581F1729871D3400E5CDF6 /* Metal.framework */,
				3E581F1529871D3000E5CDF6 /* QuartzCore.framework */,
			);
			name = Frameworks;
			sourceTree = "<group>";
		};
		8F09BEE22F2BBCA1005F988C /* Products */ = {
			isa = PBXGroup;
			children = (
				8F09BEFD2F2BC334005F988C /* example_apple_metal.app */,
				8F09BEFF2F2BC334005F988C /* example_apple_metal.app */,
			);
			name = Products;
			sourceTree = "<group>";
		};
		8F09BEE42F2BBCA1005F988C /* Products */ = {
			isa = PBXGroup;
			children = (
				8F09BF022F2BC334005F988C /* example_osx_opengl2 */,
			);
			name = Products;
			sourceTree = "<group>";
		};
		8FD43C1F2E0B373A00253CDA /* Products */ = {
			isa = PBXGroup;
			children = (
				8FD43C2C2E0B373A00253CDA /* example_osx_opengl2 */,
			);
			name = Products;
			sourceTree = "<group>";
		};
		8FD43C212E0B373A00253CDA /* Products */ = {
			isa = PBXGroup;
			children = (
				8FD43C272E0B373A00253CDA /* example_apple_metal.app */,
				8FD43C292E0B373A00253CDA /* example_apple_metal.app */,
			);
			name = Products;
			sourceTree = "<group>";
		};
		8FDA0D632F3B816F00C82FA9 /* Products */ = {
			isa = PBXGroup;
			children = (
				8FDA0D762F3B838900C82FA9 /* example_apple_metal.app */,
				8FDA0D782F3B838900C82FA9 /* example_apple_metal.app */,
			);
			name = Products;
			sourceTree = "<group>";
		};
		8FDA0D652F3B816F00C82FA9 /* Products */ = {
			isa = PBXGroup;
			children = (
				8FDA0D7B2F3B838900C82FA9 /* example_osx_opengl2 */,
			);
			name = Products;
			sourceTree = "<group>";
		};
		8FDA0DCD2F3CB15100C82FA9 /* assets */ = {
			isa = PBXGroup;
			children = (
			);
			path = assets;
			sourceTree = "<group>";
		};
		8FDA0DE92F3CB15100C82FA9 /* AudioApp */ = {
			isa = PBXGroup;
			children = (
				8FDA0E392F3CB24800C82FA9 /* Engine */,
				8FDA0DCD2F3CB15100C82FA9 /* assets */,
				8FDA0DE12F3CB15100C82FA9 /* AppDelegate.h */,
				8FDA0DE22F3CB15100C82FA9 /* AppDelegate.mm */,
				8FDA0DE32F3CB15100C82FA9 /* Assets.xcassets */,
				8FDA0DE42F3CB15100C82FA9 /* main.m */,
				8FDA0DE62F3CB15100C82FA9 /* Main.storyboard */,
				8FDA0DE72F3CB15100C82FA9 /* ViewController.h */,
				8FDA0DE82F3CB15100C82FA9 /* ViewController.m */,
			);
			path = AudioApp;
			sourceTree = "<group>";
		};
		8FDA0E392F3CB24800C82FA9 /* Engine */ = {
			isa = PBXGroup;
			children = (
				8FDA0E482F3DF72600C82FA9 /* AudioAnalyzer.mm */,
				8FDA0E472F3DF70C00C82FA9 /* AudioAnalyzer.hpp */,
				8FDA0E272F3CB24800C82FA9 /* AAPLMathUtilities.h */,
				8FDA0E282F3CB24800C82FA9 /* AAPLMathUtilities.cpp */,
				8FDA0E2A2F3CB24800C82FA9 /* AudioInputLayer.hpp */,
				8FDA0E2B2F3CB24800C82FA9 /* AudioInputLayer.mm */,
				8FDA0E2C2F3CB24800C82FA9 /* BlinnPhong.metal */,
				8FDA0E2D2F3CB24800C82FA9 /* Camera.hpp */,
				8FDA0E2E2F3CB24800C82FA9 /* Camera.cpp */,
				8FDA0E2F2F3CB24800C82FA9 /* cube.metal */,
				8FDA0E302F3CB24800C82FA9 /* light.metal */,
				8FDA0E312F3CB24800C82FA9 /* mtl_engine.hpp */,
				8FDA0E322F3CB24800C82FA9 /* mtl_engine.mm */,
				8FDA0E332F3CB24800C82FA9 /* mtl_implementation.cpp */,
				8FDA0E342F3CB24800C82FA9 /* shadowPass.metal */,
				8FDA0E352F3CB24800C82FA9 /* Texture.hpp */,
				8FDA0E362F3CB24800C82FA9 /* Texture.cpp */,
				8FDA0E372F3CB24800C82FA9 /* triangle.metal */,
				8FDA0E382F3CB24800C82FA9 /* VertexData.hpp */,
				3E56AB66297E0E6E00DB5F4F /* main.mm */,
				8FDA0E4D2F4776CC00C82FA9 /* MusicalContext.hpp */,
				8FDA0E4E2F4776DB00C82FA9 /* MusicalInterpreter.hpp */,
				8FDA0E4F2F4776E900C82FA9 /* MusicalInterpreter.mm */,
			);
			path = Engine;
			sourceTree = "<group>";
		};
/* End PBXGroup section */

/* Begin PBXNativeTarget section */
		3E56AB62297E0E6E00DB5F4F /* Metal-Tutorial */ = {
			isa = PBXNativeTarget;
			buildConfigurationList = 3E56AB6A297E0E6E00DB5F4F /* Build configuration list for PBXNativeTarget "Metal-Tutorial" */;
			buildPhases = (
				3E56AB5F297E0E6E00DB5F4F /* Sources */,
				3E56AB60297E0E6E00DB5F4F /* Frameworks */,
				3E56AB61297E0E6E00DB5F4F /* CopyFiles */,
			);
			buildRules = (
			);
			dependencies = (
			);
			fileSystemSynchronizedGroups = (
				8FD43AD22DE8FF7100253CDA /* assets */,
			);
			name = "Metal-Tutorial";
			productName = "Metal-Guide";
			productReference = 3E56AB63297E0E6E00DB5F4F /* Metal-Tutorial */;
			productType = "com.apple.product-type.tool";
		};
		8FDA0D802F3B85BF00C82FA9 /* AudioApp */ = {
			isa = PBXNativeTarget;
			buildConfigurationList = 8FDA0D902F3B85C000C82FA9 /* Build configuration list for PBXNativeTarget "AudioApp" */;
			buildPhases = (
				8FDA0D7D2F3B85BF00C82FA9 /* Sources */,
				8FDA0D7E2F3B85BF00C82FA9 /* Frameworks */,
				8FDA0D7F2F3B85BF00C82FA9 /* Resources */,
			);
			buildRules = (
			);
			dependencies = (
			);
			name = AudioApp;
			packageProductDependencies = (
			);
			productName = AudioApp;
			productReference = 8FDA0D812F3B85BF00C82FA9 /* AudioApp.app */;
			productType = "com.apple.product-type.application";
		};
/* End PBXNativeTarget section */

/* Begin PBXProject section */
		3E56AB5B297E0E6E00DB5F4F /* Project object */ = {
			isa = PBXProject;
			attributes = {
				BuildIndependentTargetsInParallel = 1;
				LastUpgradeCheck = 1420;
				TargetAttributes = {
					3E56AB62297E0E6E00DB5F4F = {
						CreatedOnToolsVersion = 14.2;
					};
					8FDA0D802F3B85BF00C82FA9 = {
						CreatedOnToolsVersion = 26.2;
					};
				};
			};
			buildConfigurationList = 3E56AB5E297E0E6E00DB5F4F /* Build configuration list for PBXProject "Metal-Tutorial" */;
			compatibilityVersion = "Xcode 10.0";
			developmentRegion = en;
			hasScannedForEncodings = 0;
			knownRegions = (
				en,
				Base,
			);
			mainGroup = 3E56AB5A297E0E6E00DB5F4F;
			productRefGroup = 3E56AB64297E0E6E00DB5F4F /* Products */;
			projectDirPath = "";
			projectReferences = (
				{
					ProductGroup = 8FDA0D632F3B816F00C82FA9 /* Products */;
					ProjectRef = 8FDA0C942F3B816F00C82FA9 /* example_apple_metal.xcodeproj */;
				},
				{
					ProductGroup = 8FD43C212E0B373A00253CDA /* Products */;
					ProjectRef = 8FD43B4F2E0B373A00253CDA /* example_apple_metal.xcodeproj */;
				},
				{
					ProductGroup = 8F09BEE22F2BBCA1005F988C /* Products */;
					ProjectRef = 8F09BE132F2BBCA1005F988C /* example_apple_metal.xcodeproj */;
				},
				{
					ProductGroup = 8FD43C1F2E0B373A00253CDA /* Products */;
					ProjectRef = 8FD43B542E0B373A00253CDA /* example_apple_opengl2.xcodeproj */;
				},
				{
					ProductGroup = 8F09BEE42F2BBCA1005F988C /* Products */;
					ProjectRef = 8F09BE182F2BBCA1005F988C /* example_apple_opengl2.xcodeproj */;
				},
				{
					ProductGroup = 8FDA0D652F3B816F00C82FA9 /* Products */;
					ProjectRef = 8FDA0C992F3B816F00C82FA9 /* example_apple_opengl2.xcodeproj */;
				},
			);
			projectRoot = "";
			targets = (
				3E56AB62297E0E6E00DB5F4F /* Metal-Tutorial */,
				8FDA0D802F3B85BF00C82FA9 /* AudioApp */,
			);
		};
/* End PBXProject section */

/* Begin PBXReferenceProxy section */
		8F09BEFD2F2BC334005F988C /* example_apple_metal.app */ = {
			isa = PBXReferenceProxy;
			fileType = wrapper.application;
			path = example_apple_metal.app;
			remoteRef = 8F09BEFC2F2BC334005F988C /* PBXContainerItemProxy */;
			sourceTree = BUILT_PRODUCTS_DIR;
		};
		8F09BEFF2F2BC334005F988C /* example_apple_metal.app */ = {
			isa = PBXReferenceProxy;
			fileType = wrapper.application;
			path = example_apple_metal.app;
			remoteRef = 8F09BEFE2F2BC334005F988C /* PBXContainerItemProxy */;
			sourceTree = BUILT_PRODUCTS_DIR;
		};
		8F09BF022F2BC334005F988C /* example_osx_opengl2 */ = {
			isa = PBXReferenceProxy;
			fileType = "compiled.mach-o.executable";
			path = example_osx_opengl2;
			remoteRef = 8F09BF012F2BC334005F988C /* PBXContainerItemProxy */;
			sourceTree = BUILT_PRODUCTS_DIR;
		};
		8FD43C272E0B373A00253CDA /* example_apple_metal.app */ = {
			isa = PBXReferenceProxy;
			fileType = wrapper.application;
			path = example_apple_metal.app;
			remoteRef = 8FD43C262E0B373A00253CDA /* PBXContainerItemProxy */;
			sourceTree = BUILT_PRODUCTS_DIR;
		};
		8FD43C292E0B373A00253CDA /* example_apple_metal.app */ = {
			isa = PBXReferenceProxy;
			fileType = wrapper.application;
			path = example_apple_metal.app;
			remoteRef = 8FD43C282E0B373A00253CDA /* PBXContainerItemProxy */;
			sourceTree = BUILT_PRODUCTS_DIR;
		};
		8FD43C2C2E0B373A00253CDA /* example_osx_opengl2 */ = {
			isa = PBXReferenceProxy;
			fileType = "compiled.mach-o.executable";
			path = example_osx_opengl2;
			remoteRef = 8FD43C2B2E0B373A00253CDA /* PBXContainerItemProxy */;
			sourceTree = BUILT_PRODUCTS_DIR;
		};
		8FDA0D762F3B838900C82FA9 /* example_apple_metal.app */ = {
			isa = PBXReferenceProxy;
			fileType = wrapper.application;
			path = example_apple_metal.app;
			remoteRef = 8FDA0D752F3B838900C82FA9 /* PBXContainerItemProxy */;
			sourceTree = BUILT_PRODUCTS_DIR;
		};
		8FDA0D782F3B838900C82FA9 /* example_apple_metal.app */ = {
			isa = PBXReferenceProxy;
			fileType = wrapper.application;
			path = example_apple_metal.app;
			remoteRef = 8FDA0D772F3B838900C82FA9 /* PBXContainerItemProxy */;
			sourceTree = BUILT_PRODUCTS_DIR;
		};
		8FDA0D7B2F3B838900C82FA9 /* example_osx_opengl2 */ = {
			isa = PBXReferenceProxy;
			fileType = "compiled.mach-o.executable";
			path = example_osx_opengl2;
			remoteRef = 8FDA0D7A2F3B838900C82FA9 /* PBXContainerItemProxy */;
			sourceTree = BUILT_PRODUCTS_DIR;
		};
/* End PBXReferenceProxy section */

/* Begin PBXResourcesBuildPhase section */
		8FDA0D7F2F3B85BF00C82FA9 /* Resources */ = {
			isa = PBXResourcesBuildPhase;
			buildActionMask = 2147483647;
			files = (
				8FDA0DEA2F3CB15100C82FA9 /* Assets.xcassets in Resources */,
				8FDA0DEB2F3CB15100C82FA9 /* Main.storyboard in Resources */,
			);
			runOnlyForDeploymentPostprocessing = 0;
		};
/* End PBXResourcesBuildPhase section */

/* Begin PBXSourcesBuildPhase section */
		3E56AB5F297E0E6E00DB5F4F /* Sources */ = {
			isa = PBXSourcesBuildPhase;
			buildActionMask = 2147483647;
			files = (
				3E56AB67297E0E6E00DB5F4F /* main.mm in Sources */,
			);
			runOnlyForDeploymentPostprocessing = 0;
		};
		8FDA0D7D2F3B85BF00C82FA9 /* Sources */ = {
			isa = PBXSourcesBuildPhase;
			buildActionMask = 2147483647;
			files = (
				8FDA0E3A2F3CB24800C82FA9 /* AudioInputLayer.mm in Sources */,
				8FDA0E3B2F3CB24800C82FA9 /* mtl_implementation.cpp in Sources */,
				8FDA0E3C2F3CB24800C82FA9 /* cube.metal in Sources */,
				8FDA0E3D2F3CB24800C82FA9 /* BlinnPhong.metal in Sources */,
				8FDA0E492F3DF72600C82FA9 /* AudioAnalyzer.mm in Sources */,
				8FDA0E3F2F3CB24800C82FA9 /* AAPLMathUtilities.cpp in Sources */,
				8FDA0E402F3CB24800C82FA9 /* Texture.cpp in Sources */,
				8FDA0E412F3CB24800C82FA9 /* mtl_engine.mm in Sources */,
				8FDA0E422F3CB24800C82FA9 /* light.metal in Sources */,
				8FDA0E432F3CB24800C82FA9 /* triangle.metal in Sources */,
				8FDA0E442F3CB24800C82FA9 /* shadowPass.metal in Sources */,
				8FDA0E452F3CB24800C82FA9 /* Camera.cpp in Sources */,
				8FDA0DA52F3B94DC00C82FA9 /* imgui_tables.cpp in Sources */,
				8FDA0DA62F3B94DC00C82FA9 /* imgui_widgets.cpp in Sources */,
				8FDA0DA72F3B94DC00C82FA9 /* imgui.cpp in Sources */,
				8FDA0DA82F3B94DC00C82FA9 /* imgui_draw.cpp in Sources */,
				8FDA0DF82F3CB15100C82FA9 /* AppDelegate.mm in Sources */,
				8FDA0E502F4776F900C82FA9 /* MusicalInterpreter.mm in Sources */,
				8FDA0DF92F3CB15100C82FA9 /* main.m in Sources */,
				8FDA0DFA2F3CB15100C82FA9 /* ViewController.m in Sources */,
				8FDA0D9C2F3B94CB00C82FA9 /* stbi_image.cpp in Sources */,
				8FDA0D9F2F3B94D200C82FA9 /* imgui_impl_glfw.cpp in Sources */,
				8FDA0DA02F3B94D200C82FA9 /* imgui_impl_metal.mm in Sources */,
			);
			runOnlyForDeploymentPostprocessing = 0;
		};
/* End PBXSourcesBuildPhase section */

/* Begin PBXVariantGroup section */
		8FDA0DE62F3CB15100C82FA9 /* Main.storyboard */ = {
			isa = PBXVariantGroup;
			children = (
				8FDA0DE52F3CB15100C82FA9 /* Base */,
			);
			name = Main.storyboard;
			sourceTree = "<group>";
		};
/* End PBXVariantGroup section */

/* Begin XCBuildConfiguration section */
		3E56AB68297E0E6E00DB5F4F /* Debug */ = {
			isa = XCBuildConfiguration;
			buildSettings = {
				ALWAYS_SEARCH_USER_PATHS = NO;
				CLANG_ANALYZER_NONNULL = YES;
				CLANG_ANALYZER_NUMBER_OBJECT_CONVERSION = YES_AGGRESSIVE;
				CLANG_CXX_LANGUAGE_STANDARD = "gnu++20";
				CLANG_ENABLE_MODULES = YES;
				CLANG_ENABLE_OBJC_ARC = YES;
				CLANG_ENABLE_OBJC_WEAK = YES;
				CLANG_WARN_BLOCK_CAPTURE_AUTORELEASING = YES;
				CLANG_WARN_BOOL_CONVERSION = YES;
				CLANG_WARN_COMMA = YES;
				CLANG_WARN_CONSTANT_CONVERSION = YES;
				CLANG_WARN_DEPRECATED_OBJC_IMPLEMENTATIONS = YES;
				CLANG_WARN_DIRECT_OBJC_ISA_USAGE = YES_ERROR;
				CLANG_WARN_DOCUMENTATION_COMMENTS = YES;
				CLANG_WARN_EMPTY_BODY = YES;
				CLANG_WARN_ENUM_CONVERSION = YES;
				CLANG_WARN_INFINITE_RECURSION = YES;
				CLANG_WARN_INT_CONVERSION = YES;
				CLANG_WARN_NON_LITERAL_NULL_CONVERSION = YES;
				CLANG_WARN_OBJC_IMPLICIT_RETAIN_SELF = YES;
				CLANG_WARN_OBJC_LITERAL_CONVERSION = YES;
				CLANG_WARN_OBJC_ROOT_CLASS = YES_ERROR;
				CLANG_WARN_QUOTED_INCLUDE_IN_FRAMEWORK_HEADER = YES;
				CLANG_WARN_RANGE_LOOP_ANALYSIS = YES;
				CLANG_WARN_STRICT_PROTOTYPES = YES;
				CLANG_WARN_SUSPICIOUS_MOVE = YES;
				CLANG_WARN_UNGUARDED_AVAILABILITY = YES_AGGRESSIVE;
				CLANG_WARN_UNREACHABLE_CODE = YES;
				CLANG_WARN__DUPLICATE_METHOD_MATCH = YES;
				COPY_PHASE_STRIP = NO;
				DEBUG_INFORMATION_FORMAT = dwarf;
				ENABLE_STRICT_OBJC_MSGSEND = YES;
				ENABLE_TESTABILITY = YES;
				GCC_C_LANGUAGE_STANDARD = gnu11;
				GCC_DYNAMIC_NO_PIC = NO;
				GCC_NO_COMMON_BLOCKS = YES;
				GCC_OPTIMIZATION_LEVEL = 0;
				GCC_PREPROCESSOR_DEFINITIONS = (
					"DEBUG=1",
					"$(inherited)",
				);
				GCC_WARN_64_TO_32_BIT_CONVERSION = YES;
				GCC_WARN_ABOUT_RETURN_TYPE = YES_ERROR;
				GCC_WARN_UNDECLARED_SELECTOR = YES;
				GCC_WARN_UNINITIALIZED_AUTOS = YES_AGGRESSIVE;
				GCC_WARN_UNUSED_FUNCTION = YES;
				GCC_WARN_UNUSED_VARIABLE = YES;
				MACOSX_DEPLOYMENT_TARGET = 10.14;
				MTL_ENABLE_DEBUG_INFO = INCLUDE_SOURCE;
				MTL_FAST_MATH = YES;
				ONLY_ACTIVE_ARCH = YES;
				SDKROOT = macosx;
			};
			name = Debug;
		};
		3E56AB69297E0E6E00DB5F4F /* Release */ = {
			isa = XCBuildConfiguration;
			buildSettings = {
				ALWAYS_SEARCH_USER_PATHS = NO;
				CLANG_ANALYZER_NONNULL = YES;
				CLANG_ANALYZER_NUMBER_OBJECT_CONVERSION = YES_AGGRESSIVE;
				CLANG_CXX_LANGUAGE_STANDARD = "gnu++20";
				CLANG_ENABLE_MODULES = YES;
				CLANG_ENABLE_OBJC_ARC = YES;
				CLANG_ENABLE_OBJC_WEAK = YES;
				CLANG_WARN_BLOCK_CAPTURE_AUTORELEASING = YES;
				CLANG_WARN_BOOL_CONVERSION = YES;
				CLANG_WARN_COMMA = YES;
				CLANG_WARN_CONSTANT_CONVERSION = YES;
				CLANG_WARN_DEPRECATED_OBJC_IMPLEMENTATIONS = YES;
				CLANG_WARN_DIRECT_OBJC_ISA_USAGE = YES_ERROR;
				CLANG_WARN_DOCUMENTATION_COMMENTS = YES;
				CLANG_WARN_EMPTY_BODY = YES;
				CLANG_WARN_ENUM_CONVERSION = YES;
				CLANG_WARN_INFINITE_RECURSION = YES;
				CLANG_WARN_INT_CONVERSION = YES;
				CLANG_WARN_NON_LITERAL_NULL_CONVERSION = YES;
				CLANG_WARN_OBJC_IMPLICIT_RETAIN_SELF = YES;
				CLANG_WARN_OBJC_LITERAL_CONVERSION = YES;
				CLANG_WARN_OBJC_ROOT_CLASS = YES_ERROR;
				CLANG_WARN_QUOTED_INCLUDE_IN_FRAMEWORK_HEADER = YES;
				CLANG_WARN_RANGE_LOOP_ANALYSIS = YES;
				CLANG_WARN_STRICT_PROTOTYPES = YES;
				CLANG_WARN_SUSPICIOUS_MOVE = YES;
				CLANG_WARN_UNGUARDED_AVAILABILITY = YES_AGGRESSIVE;
				CLANG_WARN_UNREACHABLE_CODE = YES;
				CLANG_WARN__DUPLICATE_METHOD_MATCH = YES;
				COPY_PHASE_STRIP = NO;
				DEBUG_INFORMATION_FORMAT = "dwarf-with-dsym";
				ENABLE_NS_ASSERTIONS = NO;
				ENABLE_STRICT_OBJC_MSGSEND = YES;
				GCC_C_LANGUAGE_STANDARD = gnu11;
				GCC_NO_COMMON_BLOCKS = YES;
				GCC_WARN_64_TO_32_BIT_CONVERSION = YES;
				GCC_WARN_ABOUT_RETURN_TYPE = YES_ERROR;
				GCC_WARN_UNDECLARED_SELECTOR = YES;
				GCC_WARN_UNINITIALIZED_AUTOS = YES_AGGRESSIVE;
				GCC_WARN_UNUSED_FUNCTION = YES;
				GCC_WARN_UNUSED_VARIABLE = YES;
				MACOSX_DEPLOYMENT_TARGET = 10.14;
				MTL_ENABLE_DEBUG_INFO = NO;
				MTL_FAST_MATH = YES;
				SDKROOT = macosx;
			};
			name = Release;
		};
		3E56AB6B297E0E6E00DB5F4F /* Debug */ = {
			isa = XCBuildConfiguration;
			buildSettings = {
				CODE_SIGN_STYLE = Automatic;
				DEVELOPMENT_TEAM = PD23343H93;
				ENABLE_APP_SANDBOX = NO;
				ENABLE_HARDENED_RUNTIME = YES;
				GENERATE_INFOPLIST_FILE = NO;
				HEADER_SEARCH_PATHS = (
					"$(PROJECT_DIR)/metal-cpp",
					"$(PROJECT_DIR)/external/GLFW/include",
					"$(PROJECT_DIR)/external/imgui",
					/opt/homebrew/Cellar/assimp/6.0.2/include/,
					"$(PROJECT_DIR)/external/miniaudio/miniaudio.h",
				);
				"HEADER_SEARCH_PATHS[arch=*]" = (
					"$(PROJECT_DIR)/metal-cpp",
					"$(PROJECT_DIR)/external/GLFW/include",
					"$(PROJECT_DIR)/external/imgui",
					/opt/homebrew/Cellar/assimp/6.0.2/include/,
				);
				INFOPLIST_FILE = "/Users/jaidenortiz/projects/metal/MetalTutorial/Metal-Tutorial/Info.plist";
				INFOPLIST_PREPROCESS = YES;
				LIBRARY_SEARCH_PATHS = (
					"$(inherited)",
					"$(PROJECT_DIR)/external/GLFW/lib-universal",
					/opt/homebrew/Cellar/assimp/6.0.2/lib/,
					/opt/homebrew/Cellar/assimp/6.0.2/lib,
				);
				PRODUCT_NAME = "$(TARGET_NAME)";
			};
			name = Debug;
		};
		3E56AB6C297E0E6E00DB5F4F /* Release */ = {
			isa = XCBuildConfiguration;
			buildSettings = {
				CODE_SIGN_STYLE = Automatic;
				DEVELOPMENT_TEAM = PD23343H93;
				ENABLE_APP_SANDBOX = NO;
				ENABLE_HARDENED_RUNTIME = YES;
				GENERATE_INFOPLIST_FILE = NO;
				HEADER_SEARCH_PATHS = (
					"$(PROJECT_DIR)/metal-cpp",
					"$(PROJECT_DIR)/external/GLFW/include",
					"$(PROJECT_DIR)/external/imgui",
					/opt/homebrew/Cellar/assimp/6.0.2/include/,
					"$(PROJECT_DIR)/external/miniaudio/miniaudio.h",
				);
				"HEADER_SEARCH_PATHS[arch=*]" = (
					"$(PROJECT_DIR)/metal-cpp",
					"$(PROJECT_DIR)/external/GLFW/include",
					"$(PROJECT_DIR)/external/imgui",
					/opt/homebrew/Cellar/assimp/6.0.2/include/,
					"$(PROJECT_DIR)/external/miniaudio/miniaudio.h",
				);
				INFOPLIST_FILE = "/Users/jaidenortiz/projects/metal/MetalTutorial/Metal-Tutorial/Info.plist";
				INFOPLIST_PREPROCESS = YES;
				LIBRARY_SEARCH_PATHS = (
					"$(inherited)",
					"$(PROJECT_DIR)/external/GLFW/lib-universal",
					/opt/homebrew/Cellar/assimp/6.0.2/lib/,
					/opt/homebrew/Cellar/assimp/6.0.2/lib,
				);
				PRODUCT_NAME = "$(TARGET_NAME)";
			};
			name = Release;
		};
		8FDA0D912F3B85C000C82FA9 /* Debug */ = {
			isa = XCBuildConfiguration;
			buildSettings = {
				ASSETCATALOG_COMPILER_APPICON_NAME = AppIcon;
				ASSETCATALOG_COMPILER_GENERATE_SWIFT_ASSET_SYMBOL_EXTENSIONS = YES;
				ASSETCATALOG_COMPILER_GLOBAL_ACCENT_COLOR_NAME = AccentColor;
				CODE_SIGN_STYLE = Automatic;
				COMBINE_HIDPI_IMAGES = YES;
				CURRENT_PROJECT_VERSION = 1;
				ENABLE_APP_SANDBOX = YES;
				ENABLE_INCOMING_NETWORK_CONNECTIONS = NO;
				ENABLE_OUTGOING_NETWORK_CONNECTIONS = NO;
				ENABLE_RESOURCE_ACCESS_AUDIO_INPUT = YES;
				ENABLE_RESOURCE_ACCESS_BLUETOOTH = NO;
				ENABLE_RESOURCE_ACCESS_CALENDARS = NO;
				ENABLE_RESOURCE_ACCESS_CAMERA = NO;
				ENABLE_RESOURCE_ACCESS_CONTACTS = NO;
				ENABLE_RESOURCE_ACCESS_LOCATION = NO;
				ENABLE_RESOURCE_ACCESS_PRINTING = NO;
				ENABLE_RESOURCE_ACCESS_USB = NO;
				ENABLE_USER_SCRIPT_SANDBOXING = YES;
				ENABLE_USER_SELECTED_FILES = readonly;
				GCC_C_LANGUAGE_STANDARD = gnu17;
				GENERATE_INFOPLIST_FILE = YES;
				HEADER_SEARCH_PATHS = (
					"$(PROJECT_DIR)/metal-cpp",
					"$(PROJECT_DIR)/external/GLFW/include",
					"$(PROJECT_DIR)/external/imgui",
				);
				INFOPLIST_KEY_NSHumanReadableCopyright = "";
				INFOPLIST_KEY_NSMainStoryboardFile = Main;
				INFOPLIST_KEY_NSMicrophoneUsageDescription = "This app needs microphone access to capture audio.";
				INFOPLIST_KEY_NSPrincipalClass = NSApplication;
				LD_RUNPATH_SEARCH_PATHS = (
					"$(inherited)",
					"@executable_path/../Frameworks",
				);
				LIBRARY_SEARCH_PATHS = (
					"$(inherited)",
					"$(PROJECT_DIR)/external/GLFW/lib-universal",
				);
				LOCALIZATION_PREFERS_STRING_CATALOGS = YES;
				MACOSX_DEPLOYMENT_TARGET = 26.2;
				MARKETING_VERSION = 1.0;
				PRODUCT_BUNDLE_IDENTIFIER = zitro.AudioApp;
				PRODUCT_NAME = "$(TARGET_NAME)";
				REGISTER_APP_GROUPS = YES;
				STRING_CATALOG_GENERATE_SYMBOLS = YES;
				SWIFT_EMIT_LOC_STRINGS = YES;
			};
			name = Debug;
		};
		8FDA0D922F3B85C000C82FA9 /* Release */ = {
			isa = XCBuildConfiguration;
			buildSettings = {
				ASSETCATALOG_COMPILER_APPICON_NAME = AppIcon;
				ASSETCATALOG_COMPILER_GENERATE_SWIFT_ASSET_SYMBOL_EXTENSIONS = YES;
				ASSETCATALOG_COMPILER_GLOBAL_ACCENT_COLOR_NAME = AccentColor;
				CODE_SIGN_STYLE = Automatic;
				COMBINE_HIDPI_IMAGES = YES;
				CURRENT_PROJECT_VERSION = 1;
				ENABLE_APP_SANDBOX = YES;
				ENABLE_INCOMING_NETWORK_CONNECTIONS = NO;
				ENABLE_OUTGOING_NETWORK_CONNECTIONS = NO;
				ENABLE_RESOURCE_ACCESS_AUDIO_INPUT = YES;
				ENABLE_RESOURCE_ACCESS_BLUETOOTH = NO;
				ENABLE_RESOURCE_ACCESS_CALENDARS = NO;
				ENABLE_RESOURCE_ACCESS_CAMERA = NO;
				ENABLE_RESOURCE_ACCESS_CONTACTS = NO;
				ENABLE_RESOURCE_ACCESS_LOCATION = NO;
				ENABLE_RESOURCE_ACCESS_PRINTING = NO;
				ENABLE_RESOURCE_ACCESS_USB = NO;
				ENABLE_USER_SCRIPT_SANDBOXING = YES;
				ENABLE_USER_SELECTED_FILES = readonly;
				GCC_C_LANGUAGE_STANDARD = gnu17;
				GENERATE_INFOPLIST_FILE = YES;
				HEADER_SEARCH_PATHS = (
					"$(PROJECT_DIR)/metal-cpp",
					"$(PROJECT_DIR)/external/GLFW/include",
					"$(PROJECT_DIR)/external/imgui",
				);
				INFOPLIST_KEY_NSHumanReadableCopyright = "";
				INFOPLIST_KEY_NSMainStoryboardFile = Main;
				INFOPLIST_KEY_NSMicrophoneUsageDescription = "This app needs microphone access to capture audio.";
				INFOPLIST_KEY_NSPrincipalClass = NSApplication;
				LD_RUNPATH_SEARCH_PATHS = (
					"$(inherited)",
					"@executable_path/../Frameworks",
				);
				LIBRARY_SEARCH_PATHS = (
					"$(inherited)",
					"$(PROJECT_DIR)/external/GLFW/lib-universal",
				);
				LOCALIZATION_PREFERS_STRING_CATALOGS = YES;
				MACOSX_DEPLOYMENT_TARGET = 26.2;
				MARKETING_VERSION = 1.0;
				PRODUCT_BUNDLE_IDENTIFIER = zitro.AudioApp;
				PRODUCT_NAME = "$(TARGET_NAME)";
				REGISTER_APP_GROUPS = YES;
				STRING_CATALOG_GENERATE_SYMBOLS = YES;
				SWIFT_EMIT_LOC_STRINGS = YES;
			};
			name = Release;
		};
/* End XCBuildConfiguration section */

/* Begin XCConfigurationList section */
		3E56AB5E297E0E6E00DB5F4F /* Build configuration list for PBXProject "Metal-Tutorial" */ = {
			isa = XCConfigurationList;
			buildConfigurations = (
				3E56AB68297E0E6E00DB5F4F /* Debug */,
				3E56AB69297E0E6E00DB5F4F /* Release */,
			);
			defaultConfigurationIsVisible = 0;
			defaultConfigurationName = Release;
		};
		3E56AB6A297E0E6E00DB5F4F /* Build configuration list for PBXNativeTarget "Metal-Tutorial" */ = {
			isa = XCConfigurationList;
			buildConfigurations = (
				3E56AB6B297E0E6E00DB5F4F /* Debug */,
				3E56AB6C297E0E6E00DB5F4F /* Release */,
			);
			defaultConfigurationIsVisible = 0;
			defaultConfigurationName = Release;
		};
		8FDA0D902F3B85C000C82FA9 /* Build configuration list for PBXNativeTarget "AudioApp" */ = {
			isa = XCConfigurationList;
			buildConfigurations = (
				8FDA0D912F3B85C000C82FA9 /* Debug */,
				8FDA0D922F3B85C000C82FA9 /* Release */,
			);
			defaultConfigurationIsVisible = 0;
			defaultConfigurationName = Release;
		};
/* End XCConfigurationList section */
	};
	rootObject = 3E56AB5B297E0E6E00DB5F4F /* Project object */;
}
